
Microsoft Visual Studio Solution File, Format Version 12.00
# Visual Studio Version 16
VisualStudioVersion = 16.0.31005.135
MinimumVisualStudioVersion = 10.0.40219.1
Project("{9A19103F-16F7-4668-BE54-9A1E7A4F7556}") = "1_TypyGeneryczne", "1_TypyGeneryczne.csproj", "{251E4F80-F440-48DC-9E0C-974A2F00C22C}"
EndProject
Project("{9A19103F-16F7-4668-BE54-9A1E7A4F7556}") = "2_KolekcjeGeneryczne", "..\2_KolekcjeGeneryczne\2_KolekcjeGeneryczne.csproj", "{F8F8F27D-869D-4399-BE46-84BD699EC033}"
EndProject
Project("{9A19103F-16F7-4668-BE54-9A1E7A4F7556}") = "1_TypyGeneryczneTests", "..\TypyGeneryczneTest\1_TypyGeneryczneTests.csproj", "{BE848364-7CA8-447B-8FD8-F7D225B24A95}"
EndProject
Project("{FAE04EC0-301F-11D3-BF4B-00C04F79EFBC}") = "2_Kolekcje_Genryczne_Test", "..\Kolekcje_Genryczne_Test\2_Kolekcje_Genryczne_Test.csproj", "{693E77DE-F942-4491-89F2-96D1C26FC8F2}"
EndProject
Project("{FAE04EC0-301F-11D3-BF4B-00C04F79EFBC}") = "3_KlasyInterfejsyGeneryczne", "..\3_KlasyInterfejsyGeneryczne\3_KlasyInterfejsyGeneryczne.csproj", "{78315889-878B-43B9-9042-A9609F55A739}"
EndProject
Project("{FAE04EC0-301F-11D3-BF4B-00C04F79EFBC}") = "3_KlasyInterfejsyGeneryczne Test", "..\3_1 Interfejcy Testy\3_KlasyInterfejsyGeneryczne Test.csproj", "{8D8E13D7-CCF3-4B84-AADA-82DE691BE8E4}"
EndProject
Project("{FAE04EC0-301F-11D3-BF4B-00C04F79EFBC}") = "4_1_MetodyDelegatyGeneryczne", "..\4_1_MetodyDelegatyGeneryczne\4_1_MetodyDelegatyGeneryczne.csproj", "{E1BA8A0E-B444-4F15-AAC9-9836A698432E}"
EndProject
Global
	GlobalSection(SolutionConfigurationPlatforms) = preSolution
		Debug|Any CPU = Debug|Any CPU
		Release|Any CPU = Release|Any CPU
	EndGlobalSection
	GlobalSection(ProjectConfigurationPlatforms) = postSolution
		{251E4F80-F440-48DC-9E0C-974A2F00C22C}.Debug|Any CPU.ActiveCfg = Debug|Any CPU
		{251E4F80-F440-48DC-9E0C-974A2F00C22C}.Debug|Any CPU.Build.0 = Debug|Any CPU
		{251E4F80-F440-48DC-9E0C-974A2F00C22C}.Release|Any CPU.ActiveCfg = Release|Any CPU
		{251E4F80-F440-48DC-9E0C-974A2F00C22C}.Release|Any CPU.Build.0 = Release|Any CPU
		{F8F8F27D-869D-4399-BE46-84BD699EC033}.Debug|Any CPU.ActiveCfg = Debug|Any CPU
		{F8F8F27D-869D-4399-BE46-84BD699EC033}.Debug|Any CPU.Build.0 = Debug|Any CPU
		{F8F8F27D-869D-4399-BE46-84BD699EC033}.Release|Any CPU.ActiveCfg = Release|Any CPU
		{F8F8F27D-869D-4399-BE46-84BD699EC033}.Release|Any CPU.Build.0 = Release|Any CPU
		{BE848364-7CA8-447B-8FD8-F7D225B24A95}.Debug|Any CPU.ActiveCfg = Debug|Any CPU
		{BE848364-7CA8-447B-8FD8-F7D225B24A95}.Debug|Any CPU.Build.0 = Debug|Any CPU
		{BE848364-7CA8-447B-8FD8-F7D225B24A95}.Release|Any CPU.ActiveCfg = Release|Any CPU
		{BE848364-7CA8-447B-8FD8-F7D225B24A95}.Release|Any CPU.Build.0 = Release|Any CPU
		{693E77DE-F942-4491-89F2-96D1C26FC8F2}.Debug|Any CPU.ActiveCfg = Debug|Any CPU
		{693E77DE-F942-4491-89F2-96D1C26FC8F2}.Debug|Any CPU.Build.0 = Debug|Any CPU
		{693E77DE-F942-4491-89F2-96D1C26FC8F2}.Release|Any CPU.ActiveCfg = Release|Any CPU
		{693E77DE-F942-4491-89F2-96D1C26FC8F2}.Release|Any CPU.Build.0 = Release|Any CPU
		{78315889-878B-43B9-9042-A9609F55A739}.Debug|Any CPU.ActiveCfg = Debug|Any CPU
		{78315889-878B-43B9-9042-A9609F55A739}.Debug|Any CPU.Build.0 = Debug|Any CPU
		{78315889-878B-43B9-9042-A9609F55A739}.Release|Any CPU.ActiveCfg = Release|Any CPU
		{78315889-878B-43B9-9042-A9609F55A739}.Release|Any CPU.Build.0 = Release|Any CPU
		{8D8E13D7-CCF3-4B84-AADA-82DE691BE8E4}.Debug|Any CPU.ActiveCfg = Debug|Any CPU
		{8D8E13D7-CCF3-4B84-AADA-82DE691BE8E4}.Debug|Any CPU.Build.0 = Debug|Any CPU
		{8D8E13D7-CCF3-4B84-AADA-82DE691BE8E4}.Release|Any CPU.ActiveCfg = Release|Any CPU
		{8D8E13D7-CCF3-4B84-AADA-82DE691BE8E4}.Release|Any CPU.Build.0 = Release|Any CPU
		{E1BA8A0E-B444-4F15-AAC9-9836A698432E}.Debug|Any CPU.ActiveCfg = Debug|Any CPU
		{E1BA8A0E-B444-4F15-AAC9-9836A698432E}.Debug|Any CPU.Build.0 = Debug|Any CPU
		{E1BA8A0E-B444-4F15-AAC9-9836A698432E}.Release|Any CPU.ActiveCfg = Release|Any CPU
		{E1BA8A0E-B444-4F15-AAC9-9836A698432E}.Release|Any CPU.Build.0 = Release|Any CPU
	EndGlobalSection
	GlobalSection(SolutionProperties) = preSolution
		HideSolutionNode = FALSE
	EndGlobalSection
	GlobalSection(ExtensibilityGlobals) = postSolution
		SolutionGuid = {A692EE77-A4A7-491D-86AB-9F8B4DCB50FC}
	EndGlobalSection
EndGlobal
